// !$*UTF8*$!
{
	archiveVersion = 1;
	classes = {
	};
	objectVersion = 56;
	objects = {

/* Begin PBXBuildFile section */
		3119EFCF29602ACA007F19BB /* Firebase_ChatApp.swift in Sources */ = {isa = PBXBuildFile; fileRef = 3119EFCE29602ACA007F19BB /* Firebase_ChatApp.swift */; };
		3119EFD129602ACA007F19BB /* ListView.swift in Sources */ = {isa = PBXBuildFile; fileRef = 3119EFD029602ACA007F19BB /* ListView.swift */; };
		3119EFD329602ACB007F19BB /* Assets.xcassets in Resources */ = {isa = PBXBuildFile; fileRef = 3119EFD229602ACB007F19BB /* Assets.xcassets */; };
		31A293EA29602B86002CF282 /* UsersModel.swift in Sources */ = {isa = PBXBuildFile; fileRef = 31A293E929602B86002CF282 /* UsersModel.swift */; };
		31A293EC29602BAE002CF282 /* UsersListViewModel.swift in Sources */ = {isa = PBXBuildFile; fileRef = 31A293EB29602BAE002CF282 /* UsersListViewModel.swift */; };
		31D7402629616BD90078079D /* CardView.swift in Sources */ = {isa = PBXBuildFile; fileRef = 31D7402529616BD90078079D /* CardView.swift */; };
		31D7402A296176240078079D /* PageRootView.swift in Sources */ = {isa = PBXBuildFile; fileRef = 31D74029296176240078079D /* PageRootView.swift */; };
		31D7402C2961763C0078079D /* GradientView.swift in Sources */ = {isa = PBXBuildFile; fileRef = 31D7402B2961763C0078079D /* GradientView.swift */; };
		31D7402F296176C40078079D /* View+CornerRadius.swift in Sources */ = {isa = PBXBuildFile; fileRef = 31D7402E296176C40078079D /* View+CornerRadius.swift */; };
		31D740312961773C0078079D /* ActivityIndicator.swift in Sources */ = {isa = PBXBuildFile; fileRef = 31D740302961773C0078079D /* ActivityIndicator.swift */; };
		31D74033296177840078079D /* CreateUserView.swift in Sources */ = {isa = PBXBuildFile; fileRef = 31D74032296177840078079D /* CreateUserView.swift */; };
		31D74036296177A80078079D /* CreateUserViewModel.swift in Sources */ = {isa = PBXBuildFile; fileRef = 31D74035296177A80078079D /* CreateUserViewModel.swift */; };
		31D74039296178B90078079D /* FormButton.swift in Sources */ = {isa = PBXBuildFile; fileRef = 31D74038296178B90078079D /* FormButton.swift */; };
		31D7403B296178D50078079D /* FormDropDown.swift in Sources */ = {isa = PBXBuildFile; fileRef = 31D7403A296178D50078079D /* FormDropDown.swift */; };
		31D7403D296178EB0078079D /* FormDropDownWithRightAction.swift in Sources */ = {isa = PBXBuildFile; fileRef = 31D7403C296178EB0078079D /* FormDropDownWithRightAction.swift */; };
		31D7403F296178FA0078079D /* FormFieldWrapper.swift in Sources */ = {isa = PBXBuildFile; fileRef = 31D7403E296178FA0078079D /* FormFieldWrapper.swift */; };
		31D74041296179070078079D /* FormTextEditor.swift in Sources */ = {isa = PBXBuildFile; fileRef = 31D74040296179070078079D /* FormTextEditor.swift */; };
		31D74043296179150078079D /* FormTextModel.swift in Sources */ = {isa = PBXBuildFile; fileRef = 31D74042296179150078079D /* FormTextModel.swift */; };
		31D74045296179250078079D /* FormTextView.swift in Sources */ = {isa = PBXBuildFile; fileRef = 31D74044296179250078079D /* FormTextView.swift */; };
		31D74047296179380078079D /* FormTextViewWithRightAction.swift in Sources */ = {isa = PBXBuildFile; fileRef = 31D74046296179380078079D /* FormTextViewWithRightAction.swift */; };
		31D740492961797C0078079D /* UIColor.swift in Sources */ = {isa = PBXBuildFile; fileRef = 31D740482961797C0078079D /* UIColor.swift */; };
		31D7404B296179B30078079D /* Color.swift in Sources */ = {isa = PBXBuildFile; fileRef = 31D7404A296179B30078079D /* Color.swift */; };
		31D7404E29617A090078079D /* AppString.swift in Sources */ = {isa = PBXBuildFile; fileRef = 31D7404D29617A090078079D /* AppString.swift */; };
		31F5252B2960743300790BA6 /* GoogleService-Info.plist in Resources */ = {isa = PBXBuildFile; fileRef = 31F5252A2960743300790BA6 /* GoogleService-Info.plist */; };
		31F5252E2960750200790BA6 /* FirebaseAnalyticsWithoutAdIdSupport in Frameworks */ = {isa = PBXBuildFile; productRef = 31F5252D2960750200790BA6 /* FirebaseAnalyticsWithoutAdIdSupport */; };
		31F525302960750200790BA6 /* FirebaseAuthCombine-Community in Frameworks */ = {isa = PBXBuildFile; productRef = 31F5252F2960750200790BA6 /* FirebaseAuthCombine-Community */; };
		31F52532296079CD00790BA6 /* AuthView.swift in Sources */ = {isa = PBXBuildFile; fileRef = 31F52531296079CD00790BA6 /* AuthView.swift */; };
/* End PBXBuildFile section */

/* Begin PBXFileReference section */
		3119EFCB29602ACA007F19BB /* Firebase Chat.app */ = {isa = PBXFileReference; explicitFileType = wrapper.application; includeInIndex = 0; path = "Firebase Chat.app"; sourceTree = BUILT_PRODUCTS_DIR; };
		3119EFCE29602ACA007F19BB /* Firebase_ChatApp.swift */ = {isa = PBXFileReference; lastKnownFileType = sourcecode.swift; path = Firebase_ChatApp.swift; sourceTree = "<group>"; };
		3119EFD029602ACA007F19BB /* ListView.swift */ = {isa = PBXFileReference; lastKnownFileType = sourcecode.swift; path = ListView.swift; sourceTree = "<group>"; };
		3119EFD229602ACB007F19BB /* Assets.xcassets */ = {isa = PBXFileReference; lastKnownFileType = folder.assetcatalog; path = Assets.xcassets; sourceTree = "<group>"; };
		31A293E929602B86002CF282 /* UsersModel.swift */ = {isa = PBXFileReference; lastKnownFileType = sourcecode.swift; path = UsersModel.swift; sourceTree = "<group>"; };
		31A293EB29602BAE002CF282 /* UsersListViewModel.swift */ = {isa = PBXFileReference; lastKnownFileType = sourcecode.swift; path = UsersListViewModel.swift; sourceTree = "<group>"; };
		31D7402529616BD90078079D /* CardView.swift */ = {isa = PBXFileReference; lastKnownFileType = sourcecode.swift; path = CardView.swift; sourceTree = "<group>"; };
		31D74029296176240078079D /* PageRootView.swift */ = {isa = PBXFileReference; lastKnownFileType = sourcecode.swift; path = PageRootView.swift; sourceTree = "<group>"; };
		31D7402B2961763C0078079D /* GradientView.swift */ = {isa = PBXFileReference; lastKnownFileType = sourcecode.swift; path = GradientView.swift; sourceTree = "<group>"; };
		31D7402E296176C40078079D /* View+CornerRadius.swift */ = {isa = PBXFileReference; lastKnownFileType = sourcecode.swift; path = "View+CornerRadius.swift"; sourceTree = "<group>"; };
		31D740302961773C0078079D /* ActivityIndicator.swift */ = {isa = PBXFileReference; lastKnownFileType = sourcecode.swift; path = ActivityIndicator.swift; sourceTree = "<group>"; };
		31D74032296177840078079D /* CreateUserView.swift */ = {isa = PBXFileReference; lastKnownFileType = sourcecode.swift; path = CreateUserView.swift; sourceTree = "<group>"; };
		31D74035296177A80078079D /* CreateUserViewModel.swift */ = {isa = PBXFileReference; lastKnownFileType = sourcecode.swift; path = CreateUserViewModel.swift; sourceTree = "<group>"; };
		31D74038296178B90078079D /* FormButton.swift */ = {isa = PBXFileReference; lastKnownFileType = sourcecode.swift; path = FormButton.swift; sourceTree = "<group>"; };
		31D7403A296178D50078079D /* FormDropDown.swift */ = {isa = PBXFileReference; lastKnownFileType = sourcecode.swift; path = FormDropDown.swift; sourceTree = "<group>"; };
		31D7403C296178EB0078079D /* FormDropDownWithRightAction.swift */ = {isa = PBXFileReference; lastKnownFileType = sourcecode.swift; path = FormDropDownWithRightAction.swift; sourceTree = "<group>"; };
		31D7403E296178FA0078079D /* FormFieldWrapper.swift */ = {isa = PBXFileReference; lastKnownFileType = sourcecode.swift; path = FormFieldWrapper.swift; sourceTree = "<group>"; };
		31D74040296179070078079D /* FormTextEditor.swift */ = {isa = PBXFileReference; lastKnownFileType = sourcecode.swift; path = FormTextEditor.swift; sourceTree = "<group>"; };
		31D74042296179150078079D /* FormTextModel.swift */ = {isa = PBXFileReference; lastKnownFileType = sourcecode.swift; path = FormTextModel.swift; sourceTree = "<group>"; };
		31D74044296179250078079D /* FormTextView.swift */ = {isa = PBXFileReference; lastKnownFileType = sourcecode.swift; path = FormTextView.swift; sourceTree = "<group>"; };
		31D74046296179380078079D /* FormTextViewWithRightAction.swift */ = {isa = PBXFileReference; lastKnownFileType = sourcecode.swift; path = FormTextViewWithRightAction.swift; sourceTree = "<group>"; };
		31D740482961797C0078079D /* UIColor.swift */ = {isa = PBXFileReference; lastKnownFileType = sourcecode.swift; path = UIColor.swift; sourceTree = "<group>"; };
		31D7404A296179B30078079D /* Color.swift */ = {isa = PBXFileReference; lastKnownFileType = sourcecode.swift; path = Color.swift; sourceTree = "<group>"; };
		31D7404D29617A090078079D /* AppString.swift */ = {isa = PBXFileReference; lastKnownFileType = sourcecode.swift; path = AppString.swift; sourceTree = "<group>"; };
		31F5252A2960743300790BA6 /* GoogleService-Info.plist */ = {isa = PBXFileReference; fileEncoding = 4; lastKnownFileType = text.plist.xml; path = "GoogleService-Info.plist"; sourceTree = "<group>"; };
		31F52531296079CD00790BA6 /* AuthView.swift */ = {isa = PBXFileReference; lastKnownFileType = sourcecode.swift; path = AuthView.swift; sourceTree = "<group>"; };
/* End PBXFileReference section */

/* Begin PBXFrameworksBuildPhase section */
		3119EFC829602ACA007F19BB /* Frameworks */ = {
			isa = PBXFrameworksBuildPhase;
			buildActionMask = 2147483647;
			files = (
				31F5252E2960750200790BA6 /* FirebaseAnalyticsWithoutAdIdSupport in Frameworks */,
				31F525302960750200790BA6 /* FirebaseAuthCombine-Community in Frameworks */,
			);
			runOnlyForDeploymentPostprocessing = 0;
		};
/* End PBXFrameworksBuildPhase section */

/* Begin PBXGroup section */
		3119EFC229602ACA007F19BB = {
			isa = PBXGroup;
			children = (
				3119EFCD29602ACA007F19BB /* Firebase Chat */,
				3119EFCC29602ACA007F19BB /* Products */,
			);
			sourceTree = "<group>";
		};
		3119EFCC29602ACA007F19BB /* Products */ = {
			isa = PBXGroup;
			children = (
				3119EFCB29602ACA007F19BB /* Firebase Chat.app */,
			);
			name = Products;
			sourceTree = "<group>";
		};
		3119EFCD29602ACA007F19BB /* Firebase Chat */ = {
			isa = PBXGroup;
			children = (
				31D7404F29617C200078079D /* platform */,
				31D7404C296179FC0078079D /* data */,
				31D7402429616BCE0078079D /* common-components */,
				31D7402329616BBF0078079D /* ui */,
			);
			path = "Firebase Chat";
			sourceTree = "<group>";
		};
		31D7402329616BBF0078079D /* ui */ = {
			isa = PBXGroup;
			children = (
				31F52533296079D600790BA6 /* view */,
				31F52534296079DA00790BA6 /* view-model */,
				31F52535296079DF00790BA6 /* model */,
			);
			path = ui;
			sourceTree = "<group>";
		};
		31D7402429616BCE0078079D /* common-components */ = {
			isa = PBXGroup;
			children = (
				31D74037296178AA0078079D /* form-components */,
				31D7402D296176A30078079D /* extensions */,
				31D7402529616BD90078079D /* CardView.swift */,
				31D74029296176240078079D /* PageRootView.swift */,
				31D7402B2961763C0078079D /* GradientView.swift */,
				31D740302961773C0078079D /* ActivityIndicator.swift */,
			);
			path = "common-components";
			sourceTree = "<group>";
		};
		31D7402D296176A30078079D /* extensions */ = {
			isa = PBXGroup;
			children = (
				31D7402E296176C40078079D /* View+CornerRadius.swift */,
				31D740482961797C0078079D /* UIColor.swift */,
				31D7404A296179B30078079D /* Color.swift */,
			);
			path = extensions;
			sourceTree = "<group>";
		};
		31D74037296178AA0078079D /* form-components */ = {
			isa = PBXGroup;
			children = (
				31D74038296178B90078079D /* FormButton.swift */,
				31D7403A296178D50078079D /* FormDropDown.swift */,
				31D7403C296178EB0078079D /* FormDropDownWithRightAction.swift */,
				31D7403E296178FA0078079D /* FormFieldWrapper.swift */,
				31D74040296179070078079D /* FormTextEditor.swift */,
				31D74042296179150078079D /* FormTextModel.swift */,
				31D74044296179250078079D /* FormTextView.swift */,
				31D74046296179380078079D /* FormTextViewWithRightAction.swift */,
			);
			path = "form-components";
			sourceTree = "<group>";
		};
		31D7404C296179FC0078079D /* data */ = {
			isa = PBXGroup;
			children = (
				31D7404D29617A090078079D /* AppString.swift */,
			);
			path = data;
			sourceTree = "<group>";
		};
		31D7404F29617C200078079D /* platform */ = {
			isa = PBXGroup;
			children = (
				31F5252A2960743300790BA6 /* GoogleService-Info.plist */,
				3119EFD229602ACB007F19BB /* Assets.xcassets */,
				3119EFCE29602ACA007F19BB /* Firebase_ChatApp.swift */,
			);
			path = platform;
			sourceTree = "<group>";
		};
		31F52533296079D600790BA6 /* view */ = {
			isa = PBXGroup;
			children = (
				3119EFD029602ACA007F19BB /* ListView.swift */,
				31F52531296079CD00790BA6 /* AuthView.swift */,
				31D74032296177840078079D /* CreateUserView.swift */,
			);
			path = view;
			sourceTree = "<group>";
		};
		31F52534296079DA00790BA6 /* view-model */ = {
			isa = PBXGroup;
			children = (
				31A293EB29602BAE002CF282 /* UsersListViewModel.swift */,
				31D74035296177A80078079D /* CreateUserViewModel.swift */,
			);
			path = "view-model";
			sourceTree = "<group>";
		};
		31F52535296079DF00790BA6 /* model */ = {
			isa = PBXGroup;
			children = (
				31A293E929602B86002CF282 /* UsersModel.swift */,
			);
			path = model;
			sourceTree = "<group>";
		};
/* End PBXGroup section */

/* Begin PBXNativeTarget section */
		3119EFCA29602ACA007F19BB /* Firebase Chat */ = {
			isa = PBXNativeTarget;
			buildConfigurationList = 3119EFDE29602ACB007F19BB /* Build configuration list for PBXNativeTarget "Firebase Chat" */;
			buildPhases = (
				3119EFC729602ACA007F19BB /* Sources */,
				3119EFC829602ACA007F19BB /* Frameworks */,
				3119EFC929602ACA007F19BB /* Resources */,
			);
			buildRules = (
			);
			dependencies = (
			);
			name = "Firebase Chat";
			packageProductDependencies = (
				31F5252D2960750200790BA6 /* FirebaseAnalyticsWithoutAdIdSupport */,
				31F5252F2960750200790BA6 /* FirebaseAuthCombine-Community */,
			);
			productName = "Firebase Chat";
			productReference = 3119EFCB29602ACA007F19BB /* Firebase Chat.app */;
			productType = "com.apple.product-type.application";
		};
/* End PBXNativeTarget section */

/* Begin PBXProject section */
		3119EFC329602ACA007F19BB /* Project object */ = {
			isa = PBXProject;
			attributes = {
				BuildIndependentTargetsInParallel = 1;
				LastSwiftUpdateCheck = 1410;
				LastUpgradeCheck = 1410;
				TargetAttributes = {
					3119EFCA29602ACA007F19BB = {
						CreatedOnToolsVersion = 14.1;
					};
				};
			};
			buildConfigurationList = 3119EFC629602ACA007F19BB /* Build configuration list for PBXProject "Firebase Chat" */;
			compatibilityVersion = "Xcode 14.0";
			developmentRegion = en;
			hasScannedForEncodings = 0;
			knownRegions = (
				en,
				Base,
			);
			mainGroup = 3119EFC229602ACA007F19BB;
			packageReferences = (
				31F5252C2960750200790BA6 /* XCRemoteSwiftPackageReference "firebase-ios-sdk" */,
			);
			productRefGroup = 3119EFCC29602ACA007F19BB /* Products */;
			projectDirPath = "";
			projectRoot = "";
			targets = (
				3119EFCA29602ACA007F19BB /* Firebase Chat */,
			);
		};
/* End PBXProject section */

/* Begin PBXResourcesBuildPhase section */
		3119EFC929602ACA007F19BB /* Resources */ = {
			isa = PBXResourcesBuildPhase;
			buildActionMask = 2147483647;
			files = (
				3119EFD329602ACB007F19BB /* Assets.xcassets in Resources */,
				31F5252B2960743300790BA6 /* GoogleService-Info.plist in Resources */,
			);
			runOnlyForDeploymentPostprocessing = 0;
		};
/* End PBXResourcesBuildPhase section */

/* Begin PBXSourcesBuildPhase section */
		3119EFC729602ACA007F19BB /* Sources */ = {
			isa = PBXSourcesBuildPhase;
			buildActionMask = 2147483647;
			files = (
				31D74047296179380078079D /* FormTextViewWithRightAction.swift in Sources */,
				31D740492961797C0078079D /* UIColor.swift in Sources */,
				3119EFD129602ACA007F19BB /* ListView.swift in Sources */,
				31D74045296179250078079D /* FormTextView.swift in Sources */,
				31D74033296177840078079D /* CreateUserView.swift in Sources */,
				31F52532296079CD00790BA6 /* AuthView.swift in Sources */,
				31D74039296178B90078079D /* FormButton.swift in Sources */,
				31A293EC29602BAE002CF282 /* UsersListViewModel.swift in Sources */,
				3119EFCF29602ACA007F19BB /* Firebase_ChatApp.swift in Sources */,
				31D7402629616BD90078079D /* CardView.swift in Sources */,
				31D7404E29617A090078079D /* AppString.swift in Sources */,
				31D7402A296176240078079D /* PageRootView.swift in Sources */,
				31D7403D296178EB0078079D /* FormDropDownWithRightAction.swift in Sources */,
				31D74041296179070078079D /* FormTextEditor.swift in Sources */,
				31D7404B296179B30078079D /* Color.swift in Sources */,
				31D740312961773C0078079D /* ActivityIndicator.swift in Sources */,
				31D7403F296178FA0078079D /* FormFieldWrapper.swift in Sources */,
				31D74043296179150078079D /* FormTextModel.swift in Sources */,
				31D7402F296176C40078079D /* View+CornerRadius.swift in Sources */,
				31D7403B296178D50078079D /* FormDropDown.swift in Sources */,
				31D7402C2961763C0078079D /* GradientView.swift in Sources */,
				31A293EA29602B86002CF282 /* UsersModel.swift in Sources */,
				31D74036296177A80078079D /* CreateUserViewModel.swift in Sources */,
			);
			runOnlyForDeploymentPostprocessing = 0;
		};
/* End PBXSourcesBuildPhase section */

/* Begin XCBuildConfiguration section */
		3119EFDC29602ACB007F19BB /* Debug */ = {
			isa = XCBuildConfiguration;
			buildSettings = {
				ALWAYS_SEARCH_USER_PATHS = NO;
				CLANG_ANALYZER_NONNULL = YES;
				CLANG_ANALYZER_NUMBER_OBJECT_CONVERSION = YES_AGGRESSIVE;
				CLANG_CXX_LANGUAGE_STANDARD = "gnu++20";
				CLANG_ENABLE_MODULES = YES;
				CLANG_ENABLE_OBJC_ARC = YES;
				CLANG_ENABLE_OBJC_WEAK = YES;
				CLANG_WARN_BLOCK_CAPTURE_AUTORELEASING = YES;
				CLANG_WARN_BOOL_CONVERSION = YES;
				CLANG_WARN_COMMA = YES;
				CLANG_WARN_CONSTANT_CONVERSION = YES;
				CLANG_WARN_DEPRECATED_OBJC_IMPLEMENTATIONS = YES;
				CLANG_WARN_DIRECT_OBJC_ISA_USAGE = YES_ERROR;
				CLANG_WARN_DOCUMENTATION_COMMENTS = YES;
				CLANG_WARN_EMPTY_BODY = YES;
				CLANG_WARN_ENUM_CONVERSION = YES;
				CLANG_WARN_INFINITE_RECURSION = YES;
				CLANG_WARN_INT_CONVERSION = YES;
				CLANG_WARN_NON_LITERAL_NULL_CONVERSION = YES;
				CLANG_WARN_OBJC_IMPLICIT_RETAIN_SELF = YES;
				CLANG_WARN_OBJC_LITERAL_CONVERSION = YES;
				CLANG_WARN_OBJC_ROOT_CLASS = YES_ERROR;
				CLANG_WARN_QUOTED_INCLUDE_IN_FRAMEWORK_HEADER = YES;
				CLANG_WARN_RANGE_LOOP_ANALYSIS = YES;
				CLANG_WARN_STRICT_PROTOTYPES = YES;
				CLANG_WARN_SUSPICIOUS_MOVE = YES;
				CLANG_WARN_UNGUARDED_AVAILABILITY = YES_AGGRESSIVE;
				CLANG_WARN_UNREACHABLE_CODE = YES;
				CLANG_WARN__DUPLICATE_METHOD_MATCH = YES;
				COPY_PHASE_STRIP = NO;
				DEBUG_INFORMATION_FORMAT = dwarf;
				ENABLE_STRICT_OBJC_MSGSEND = YES;
				ENABLE_TESTABILITY = YES;
				GCC_C_LANGUAGE_STANDARD = gnu11;
				GCC_DYNAMIC_NO_PIC = NO;
				GCC_NO_COMMON_BLOCKS = YES;
				GCC_OPTIMIZATION_LEVEL = 0;
				GCC_PREPROCESSOR_DEFINITIONS = (
					"DEBUG=1",
					"$(inherited)",
				);
				GCC_WARN_64_TO_32_BIT_CONVERSION = YES;
				GCC_WARN_ABOUT_RETURN_TYPE = YES_ERROR;
				GCC_WARN_UNDECLARED_SELECTOR = YES;
				GCC_WARN_UNINITIALIZED_AUTOS = YES_AGGRESSIVE;
				GCC_WARN_UNUSED_FUNCTION = YES;
				GCC_WARN_UNUSED_VARIABLE = YES;
				IPHONEOS_DEPLOYMENT_TARGET = 16.1;
				MTL_ENABLE_DEBUG_INFO = INCLUDE_SOURCE;
				MTL_FAST_MATH = YES;
				ONLY_ACTIVE_ARCH = YES;
				SDKROOT = iphoneos;
				SWIFT_ACTIVE_COMPILATION_CONDITIONS = DEBUG;
				SWIFT_OPTIMIZATION_LEVEL = "-Onone";
			};
			name = Debug;
		};
		3119EFDD29602ACB007F19BB /* Release */ = {
			isa = XCBuildConfiguration;
			buildSettings = {
				ALWAYS_SEARCH_USER_PATHS = NO;
				CLANG_ANALYZER_NONNULL = YES;
				CLANG_ANALYZER_NUMBER_OBJECT_CONVERSION = YES_AGGRESSIVE;
				CLANG_CXX_LANGUAGE_STANDARD = "gnu++20";
				CLANG_ENABLE_MODULES = YES;
				CLANG_ENABLE_OBJC_ARC = YES;
				CLANG_ENABLE_OBJC_WEAK = YES;
				CLANG_WARN_BLOCK_CAPTURE_AUTORELEASING = YES;
				CLANG_WARN_BOOL_CONVERSION = YES;
				CLANG_WARN_COMMA = YES;
				CLANG_WARN_CONSTANT_CONVERSION = YES;
				CLANG_WARN_DEPRECATED_OBJC_IMPLEMENTATIONS = YES;
				CLANG_WARN_DIRECT_OBJC_ISA_USAGE = YES_ERROR;
				CLANG_WARN_DOCUMENTATION_COMMENTS = YES;
				CLANG_WARN_EMPTY_BODY = YES;
				CLANG_WARN_ENUM_CONVERSION = YES;
				CLANG_WARN_INFINITE_RECURSION = YES;
				CLANG_WARN_INT_CONVERSION = YES;
				CLANG_WARN_NON_LITERAL_NULL_CONVERSION = YES;
				CLANG_WARN_OBJC_IMPLICIT_RETAIN_SELF = YES;
				CLANG_WARN_OBJC_LITERAL_CONVERSION = YES;
				CLANG_WARN_OBJC_ROOT_CLASS = YES_ERROR;
				CLANG_WARN_QUOTED_INCLUDE_IN_FRAMEWORK_HEADER = YES;
				CLANG_WARN_RANGE_LOOP_ANALYSIS = YES;
				CLANG_WARN_STRICT_PROTOTYPES = YES;
				CLANG_WARN_SUSPICIOUS_MOVE = YES;
				CLANG_WARN_UNGUARDED_AVAILABILITY = YES_AGGRESSIVE;
				CLANG_WARN_UNREACHABLE_CODE = YES;
				CLANG_WARN__DUPLICATE_METHOD_MATCH = YES;
				COPY_PHASE_STRIP = NO;
				DEBUG_INFORMATION_FORMAT = "dwarf-with-dsym";
				ENABLE_NS_ASSERTIONS = NO;
				ENABLE_STRICT_OBJC_MSGSEND = YES;
				GCC_C_LANGUAGE_STANDARD = gnu11;
				GCC_NO_COMMON_BLOCKS = YES;
				GCC_WARN_64_TO_32_BIT_CONVERSION = YES;
				GCC_WARN_ABOUT_RETURN_TYPE = YES_ERROR;
				GCC_WARN_UNDECLARED_SELECTOR = YES;
				GCC_WARN_UNINITIALIZED_AUTOS = YES_AGGRESSIVE;
				GCC_WARN_UNUSED_FUNCTION = YES;
				GCC_WARN_UNUSED_VARIABLE = YES;
				IPHONEOS_DEPLOYMENT_TARGET = 16.1;
				MTL_ENABLE_DEBUG_INFO = NO;
				MTL_FAST_MATH = YES;
				SDKROOT = iphoneos;
				SWIFT_COMPILATION_MODE = wholemodule;
				SWIFT_OPTIMIZATION_LEVEL = "-O";
				VALIDATE_PRODUCT = YES;
			};
			name = Release;
		};
		3119EFDF29602ACB007F19BB /* Debug */ = {
			isa = XCBuildConfiguration;
			buildSettings = {
				ASSETCATALOG_COMPILER_APPICON_NAME = AppIcon;
				ASSETCATALOG_COMPILER_GLOBAL_ACCENT_COLOR_NAME = AccentColor;
				CODE_SIGN_STYLE = Automatic;
				CURRENT_PROJECT_VERSION = 1;
				DEVELOPMENT_ASSET_PATHS = "";
				DEVELOPMENT_TEAM = 58W94N4862;
				ENABLE_PREVIEWS = YES;
				GENERATE_INFOPLIST_FILE = YES;
				INFOPLIST_KEY_UIApplicationSceneManifest_Generation = YES;
				INFOPLIST_KEY_UIApplicationSupportsIndirectInputEvents = YES;
				INFOPLIST_KEY_UILaunchScreen_Generation = YES;
				INFOPLIST_KEY_UISupportedInterfaceOrientations_iPad = "UIInterfaceOrientationPortrait UIInterfaceOrientationPortraitUpsideDown UIInterfaceOrientationLandscapeLeft UIInterfaceOrientationLandscapeRight";
				INFOPLIST_KEY_UISupportedInterfaceOrientations_iPhone = "UIInterfaceOrientationPortrait UIInterfaceOrientationLandscapeLeft UIInterfaceOrientationLandscapeRight";
				LD_RUNPATH_SEARCH_PATHS = (
					"$(inherited)",
					"@executable_path/Frameworks",
				);
				MARKETING_VERSION = 1.0;
				PRODUCT_BUNDLE_IDENTIFIER = "com.nik.Firebase-Chat";
				PRODUCT_NAME = "$(TARGET_NAME)";
				SWIFT_EMIT_LOC_STRINGS = YES;
				SWIFT_VERSION = 5.0;
				TARGETED_DEVICE_FAMILY = "1,2";
			};
			name = Debug;
		};
		3119EFE029602ACB007F19BB /* Release */ = {
			isa = XCBuildConfiguration;
			buildSettings = {
				ASSETCATALOG_COMPILER_APPICON_NAME = AppIcon;
				ASSETCATALOG_COMPILER_GLOBAL_ACCENT_COLOR_NAME = AccentColor;
				CODE_SIGN_STYLE = Automatic;
				CURRENT_PROJECT_VERSION = 1;
				DEVELOPMENT_ASSET_PATHS = "";
				DEVELOPMENT_TEAM = 58W94N4862;
				ENABLE_PREVIEWS = YES;
				GENERATE_INFOPLIST_FILE = YES;
				INFOPLIST_KEY_UIApplicationSceneManifest_Generation = YES;
				INFOPLIST_KEY_UIApplicationSupportsIndirectInputEvents = YES;
				INFOPLIST_KEY_UILaunchScreen_Generation = YES;
				INFOPLIST_KEY_UISupportedInterfaceOrientations_iPad = "UIInterfaceOrientationPortrait UIInterfaceOrientationPortraitUpsideDown UIInterfaceOrientationLandscapeLeft UIInterfaceOrientationLandscapeRight";
				INFOPLIST_KEY_UISupportedInterfaceOrientations_iPhone = "UIInterfaceOrientationPortrait UIInterfaceOrientationLandscapeLeft UIInterfaceOrientationLandscapeRight";
				LD_RUNPATH_SEARCH_PATHS = (
					"$(inherited)",
					"@executable_path/Frameworks",
				);
				MARKETING_VERSION = 1.0;
				PRODUCT_BUNDLE_IDENTIFIER = "com.nik.Firebase-Chat";
				PRODUCT_NAME = "$(TARGET_NAME)";
				SWIFT_EMIT_LOC_STRINGS = YES;
				SWIFT_VERSION = 5.0;
				TARGETED_DEVICE_FAMILY = "1,2";
			};
			name = Release;
		};
/* End XCBuildConfiguration section */

/* Begin XCConfigurationList section */
		3119EFC629602ACA007F19BB /* Build configuration list for PBXProject "Firebase Chat" */ = {
			isa = XCConfigurationList;
			buildConfigurations = (
				3119EFDC29602ACB007F19BB /* Debug */,
				3119EFDD29602ACB007F19BB /* Release */,
			);
			defaultConfigurationIsVisible = 0;
			defaultConfigurationName = Release;
		};
		3119EFDE29602ACB007F19BB /* Build configuration list for PBXNativeTarget "Firebase Chat" */ = {
			isa = XCConfigurationList;
			buildConfigurations = (
				3119EFDF29602ACB007F19BB /* Debug */,
				3119EFE029602ACB007F19BB /* Release */,
			);
			defaultConfigurationIsVisible = 0;
			defaultConfigurationName = Release;
		};
/* End XCConfigurationList section */

/* Begin XCRemoteSwiftPackageReference section */
		31F5252C2960750200790BA6 /* XCRemoteSwiftPackageReference "firebase-ios-sdk" */ = {
			isa = XCRemoteSwiftPackageReference;
			repositoryURL = "https://github.com/firebase/firebase-ios-sdk";
			requirement = {
				kind = upToNextMajorVersion;
				minimumVersion = 9.0.0;
			};
		};
/* End XCRemoteSwiftPackageReference section */

/* Begin XCSwiftPackageProductDependency section */
		31F5252D2960750200790BA6 /* FirebaseAnalyticsWithoutAdIdSupport */ = {
			isa = XCSwiftPackageProductDependency;
			package = 31F5252C2960750200790BA6 /* XCRemoteSwiftPackageReference "firebase-ios-sdk" */;
			productName = FirebaseAnalyticsWithoutAdIdSupport;
		};
		31F5252F2960750200790BA6 /* FirebaseAuthCombine-Community */ = {
			isa = XCSwiftPackageProductDependency;
			package = 31F5252C2960750200790BA6 /* XCRemoteSwiftPackageReference "firebase-ios-sdk" */;
			productName = "FirebaseAuthCombine-Community";
		};
/* End XCSwiftPackageProductDependency section */
	};
	rootObject = 3119EFC329602ACA007F19BB /* Project object */;
}
